
Microsoft Visual Studio Solution File, Format Version 12.00
# Visual Studio Version 17
VisualStudioVersion = 17.2.32422.2
MinimumVisualStudioVersion = 10.0.40219.1
Project("{FAE04EC0-301F-11D3-BF4B-00C04F79EFBC}") = "SampleXamarinForms.UWP", "SampleXamarinForms\SampleXamarinForms.UWP\SampleXamarinForms.UWP.csproj", "{59AFEEAA-563C-4DCD-9613-583C8AABEE77}"
EndProject
Project("{FAE04EC0-301F-11D3-BF4B-00C04F79EFBC}") = "SampleXamarinForms.Android", "SampleXamarinForms\SampleXamarinForms.Android\SampleXamarinForms.Android.csproj", "{6FF0E7AB-0BBF-4392-B8AA-FF7145BAE24D}"
EndProject
Project("{FAE04EC0-301F-11D3-BF4B-00C04F79EFBC}") = "SampleXamarinForms.iOS", "SampleXamarinForms\SampleXamarinForms.iOS\SampleXamarinForms.iOS.csproj", "{0D9DDA86-6CBF-4917-8336-3925C7831044}"
EndProject
Project("{FAE04EC0-301F-11D3-BF4B-00C04F79EFBC}") = "SampleXamarinForms", "SampleXamarinForms\SampleXamarinForms\SampleXamarinForms.csproj", "{0F74661B-3168-44D3-9686-8B101283EBD7}"
EndProject
Global
	GlobalSection(SolutionConfigurationPlatforms) = preSolution
		Debug|Any CPU = Debug|Any CPU
		Debug|ARM = Debug|ARM
		Debug|iPhone = Debug|iPhone
		Debug|iPhoneSimulator = Debug|iPhoneSimulator
		Debug|x64 = Debug|x64
		Debug|x86 = Debug|x86
		Release|Any CPU = Release|Any CPU
		Release|ARM = Release|ARM
		Release|iPhone = Release|iPhone
		Release|iPhoneSimulator = Release|iPhoneSimulator
		Release|x64 = Release|x64
		Release|x86 = Release|x86
	EndGlobalSection
	GlobalSection(ProjectConfigurationPlatforms) = postSolution
		{59AFEEAA-563C-4DCD-9613-583C8AABEE77}.Debug|Any CPU.ActiveCfg = Debug|x64
		{59AFEEAA-563C-4DCD-9613-583C8AABEE77}.Debug|Any CPU.Build.0 = Debug|x64
		{59AFEEAA-563C-4DCD-9613-583C8AABEE77}.Debug|Any CPU.Deploy.0 = Debug|x64
		{59AFEEAA-563C-4DCD-9613-583C8AABEE77}.Debug|ARM.ActiveCfg = Debug|ARM
		{59AFEEAA-563C-4DCD-9613-583C8AABEE77}.Debug|ARM.Build.0 = Debug|ARM
		{59AFEEAA-563C-4DCD-9613-583C8AABEE77}.Debug|ARM.Deploy.0 = Debug|ARM
		{59AFEEAA-563C-4DCD-9613-583C8AABEE77}.Debug|iPhone.ActiveCfg = Debug|x64
		{59AFEEAA-563C-4DCD-9613-583C8AABEE77}.Debug|iPhone.Build.0 = Debug|x64
		{59AFEEAA-563C-4DCD-9613-583C8AABEE77}.Debug|iPhone.Deploy.0 = Debug|x64
		{59AFEEAA-563C-4DCD-9613-583C8AABEE77}.Debug|iPhoneSimulator.ActiveCfg = Debug|x64
		{59AFEEAA-563C-4DCD-9613-583C8AABEE77}.Debug|iPhoneSimulator.Build.0 = Debug|x64
		{59AFEEAA-563C-4DCD-9613-583C8AABEE77}.Debug|iPhoneSimulator.Deploy.0 = Debug|x64
		{59AFEEAA-563C-4DCD-9613-583C8AABEE77}.Debug|x64.ActiveCfg = Debug|x64
		{59AFEEAA-563C-4DCD-9613-583C8AABEE77}.Debug|x64.Build.0 = Debug|x64
		{59AFEEAA-563C-4DCD-9613-583C8AABEE77}.Debug|x64.Deploy.0 = Debug|x64
		{59AFEEAA-563C-4DCD-9613-583C8AABEE77}.Debug|x86.ActiveCfg = Debug|x86
		{59AFEEAA-563C-4DCD-9613-583C8AABEE77}.Debug|x86.Build.0 = Debug|x86
		{59AFEEAA-563C-4DCD-9613-583C8AABEE77}.Debug|x86.Deploy.0 = Debug|x86
		{59AFEEAA-563C-4DCD-9613-583C8AABEE77}.Release|Any CPU.ActiveCfg = Release|x64
		{59AFEEAA-563C-4DCD-9613-583C8AABEE77}.Release|Any CPU.Build.0 = Release|x64
		{59AFEEAA-563C-4DCD-9613-583C8AABEE77}.Release|Any CPU.Deploy.0 = Release|x64
		{59AFEEAA-563C-4DCD-9613-583C8AABEE77}.Release|ARM.ActiveCfg = Release|ARM
		{59AFEEAA-563C-4DCD-9613-583C8AABEE77}.Release|ARM.Build.0 = Release|ARM
		{59AFEEAA-563C-4DCD-9613-583C8AABEE77}.Release|ARM.Deploy.0 = Release|ARM
		{59AFEEAA-563C-4DCD-9613-583C8AABEE77}.Release|iPhone.ActiveCfg = Release|x64
		{59AFEEAA-563C-4DCD-9613-583C8AABEE77}.Release|iPhone.Build.0 = Release|x64
		{59AFEEAA-563C-4DCD-9613-583C8AABEE77}.Release|iPhone.Deploy.0 = Release|x64
		{59AFEEAA-563C-4DCD-9613-583C8AABEE77}.Release|iPhoneSimulator.ActiveCfg = Release|x64
		{59AFEEAA-563C-4DCD-9613-583C8AABEE77}.Release|iPhoneSimulator.Build.0 = Release|x64
		{59AFEEAA-563C-4DCD-9613-583C8AABEE77}.Release|iPhoneSimulator.Deploy.0 = Release|x64
		{59AFEEAA-563C-4DCD-9613-583C8AABEE77}.Release|x64.ActiveCfg = Release|x64
		{59AFEEAA-563C-4DCD-9613-583C8AABEE77}.Release|x64.Build.0 = Release|x64
		{59AFEEAA-563C-4DCD-9613-583C8AABEE77}.Release|x64.Deploy.0 = Release|x64
		{59AFEEAA-563C-4DCD-9613-583C8AABEE77}.Release|x86.ActiveCfg = Release|x86
		{59AFEEAA-563C-4DCD-9613-583C8AABEE77}.Release|x86.Build.0 = Release|x86
		{59AFEEAA-563C-4DCD-9613-583C8AABEE77}.Release|x86.Deploy.0 = Release|x86
		{6FF0E7AB-0BBF-4392-B8AA-FF7145BAE24D}.Debug|Any CPU.ActiveCfg = Debug|Any CPU
		{6FF0E7AB-0BBF-4392-B8AA-FF7145BAE24D}.Debug|Any CPU.Build.0 = Debug|Any CPU
		{6FF0E7AB-0BBF-4392-B8AA-FF7145BAE24D}.Debug|Any CPU.Deploy.0 = Debug|Any CPU
		{6FF0E7AB-0BBF-4392-B8AA-FF7145BAE24D}.Debug|ARM.ActiveCfg = Debug|Any CPU
		{6FF0E7AB-0BBF-4392-B8AA-FF7145BAE24D}.Debug|ARM.Build.0 = Debug|Any CPU
		{6FF0E7AB-0BBF-4392-B8AA-FF7145BAE24D}.Debug|ARM.Deploy.0 = Debug|Any CPU
		{6FF0E7AB-0BBF-4392-B8AA-FF7145BAE24D}.Debug|iPhone.ActiveCfg = Debug|Any CPU
		{6FF0E7AB-0BBF-4392-B8AA-FF7145BAE24D}.Debug|iPhone.Build.0 = Debug|Any CPU
		{6FF0E7AB-0BBF-4392-B8AA-FF7145BAE24D}.Debug|iPhone.Deploy.0 = Debug|Any CPU
		{6FF0E7AB-0BBF-4392-B8AA-FF7145BAE24D}.Debug|iPhoneSimulator.ActiveCfg = Debug|Any CPU
		{6FF0E7AB-0BBF-4392-B8AA-FF7145BAE24D}.Debug|iPhoneSimulator.Build.0 = Debug|Any CPU
		{6FF0E7AB-0BBF-4392-B8AA-FF7145BAE24D}.Debug|iPhoneSimulator.Deploy.0 = Debug|Any CPU
		{6FF0E7AB-0BBF-4392-B8AA-FF7145BAE24D}.Debug|x64.ActiveCfg = Debug|Any CPU
		{6FF0E7AB-0BBF-4392-B8AA-FF7145BAE24D}.Debug|x64.Build.0 = Debug|Any CPU
		{6FF0E7AB-0BBF-4392-B8AA-FF7145BAE24D}.Debug|x64.Deploy.0 = Debug|Any CPU
		{6FF0E7AB-0BBF-4392-B8AA-FF7145BAE24D}.Debug|x86.ActiveCfg = Debug|Any CPU
		{6FF0E7AB-0BBF-4392-B8AA-FF7145BAE24D}.Debug|x86.Build.0 = Debug|Any CPU
		{6FF0E7AB-0BBF-4392-B8AA-FF7145BAE24D}.Debug|x86.Deploy.0 = Debug|Any CPU
		{6FF0E7AB-0BBF-4392-B8AA-FF7145BAE24D}.Release|Any CPU.ActiveCfg = Release|Any CPU
		{6FF0E7AB-0BBF-4392-B8AA-FF7145BAE24D}.Release|Any CPU.Build.0 = Release|Any CPU
		{6FF0E7AB-0BBF-4392-B8AA-FF7145BAE24D}.Release|Any CPU.Deploy.0 = Release|Any CPU
		{6FF0E7AB-0BBF-4392-B8AA-FF7145BAE24D}.Release|ARM.ActiveCfg = Release|Any CPU
		{6FF0E7AB-0BBF-4392-B8AA-FF7145BAE24D}.Release|ARM.Build.0 = Release|Any CPU
		{6FF0E7AB-0BBF-4392-B8AA-FF7145BAE24D}.Release|ARM.Deploy.0 = Release|Any CPU
		{6FF0E7AB-0BBF-4392-B8AA-FF7145BAE24D}.Release|iPhone.ActiveCfg = Release|Any CPU
		{6FF0E7AB-0BBF-4392-B8AA-FF7145BAE24D}.Release|iPhone.Build.0 = Release|Any CPU
		{6FF0E7AB-0BBF-4392-B8AA-FF7145BAE24D}.Release|iPhone.Deploy.0 = Release|Any CPU
		{6FF0E7AB-0BBF-4392-B8AA-FF7145BAE24D}.Release|iPhoneSimulator.ActiveCfg = Release|Any CPU
		{6FF0E7AB-0BBF-4392-B8AA-FF7145BAE24D}.Release|iPhoneSimulator.Build.0 = Release|Any CPU
		{6FF0E7AB-0BBF-4392-B8AA-FF7145BAE24D}.Release|iPhoneSimulator.Deploy.0 = Release|Any CPU
		{6FF0E7AB-0BBF-4392-B8AA-FF7145BAE24D}.Release|x64.ActiveCfg = Release|Any CPU
		{6FF0E7AB-0BBF-4392-B8AA-FF7145BAE24D}.Release|x64.Build.0 = Release|Any CPU
		{6FF0E7AB-0BBF-4392-B8AA-FF7145BAE24D}.Release|x64.Deploy.0 = Release|Any CPU
		{6FF0E7AB-0BBF-4392-B8AA-FF7145BAE24D}.Release|x86.ActiveCfg = Release|Any CPU
		{6FF0E7AB-0BBF-4392-B8AA-FF7145BAE24D}.Release|x86.Build.0 = Release|Any CPU
		{6FF0E7AB-0BBF-4392-B8AA-FF7145BAE24D}.Release|x86.Deploy.0 = Release|Any CPU
		{0D9DDA86-6CBF-4917-8336-3925C7831044}.Debug|Any CPU.ActiveCfg = Debug|iPhoneSimulator
		{0D9DDA86-6CBF-4917-8336-3925C7831044}.Debug|Any CPU.Build.0 = Debug|iPhoneSimulator
		{0D9DDA86-6CBF-4917-8336-3925C7831044}.Debug|Any CPU.Deploy.0 = Debug|iPhoneSimulator
		{0D9DDA86-6CBF-4917-8336-3925C7831044}.Debug|ARM.ActiveCfg = Debug|iPhoneSimulator
		{0D9DDA86-6CBF-4917-8336-3925C7831044}.Debug|ARM.Build.0 = Debug|iPhoneSimulator
		{0D9DDA86-6CBF-4917-8336-3925C7831044}.Debug|ARM.Deploy.0 = Debug|iPhoneSimulator
		{0D9DDA86-6CBF-4917-8336-3925C7831044}.Debug|iPhone.ActiveCfg = Debug|iPhone
		{0D9DDA86-6CBF-4917-8336-3925C7831044}.Debug|iPhone.Build.0 = Debug|iPhone
		{0D9DDA86-6CBF-4917-8336-3925C7831044}.Debug|iPhone.Deploy.0 = Debug|iPhone
		{0D9DDA86-6CBF-4917-8336-3925C7831044}.Debug|iPhoneSimulator.ActiveCfg = Debug|iPhoneSimulator
		{0D9DDA86-6CBF-4917-8336-3925C7831044}.Debug|iPhoneSimulator.Build.0 = Debug|iPhoneSimulator
		{0D9DDA86-6CBF-4917-8336-3925C7831044}.Debug|iPhoneSimulator.Deploy.0 = Debug|iPhoneSimulator
		{0D9DDA86-6CBF-4917-8336-3925C7831044}.Debug|x64.ActiveCfg = Debug|iPhone
		{0D9DDA86-6CBF-4917-8336-3925C7831044}.Debug|x64.Build.0 = Debug|iPhone
		{0D9DDA86-6CBF-4917-8336-3925C7831044}.Debug|x64.Deploy.0 = Debug|iPhone
		{0D9DDA86-6CBF-4917-8336-3925C7831044}.Debug|x86.ActiveCfg = Debug|iPhoneSimulator
		{0D9DDA86-6CBF-4917-8336-3925C7831044}.Debug|x86.Build.0 = Debug|iPhoneSimulator
		{0D9DDA86-6CBF-4917-8336-3925C7831044}.Debug|x86.Deploy.0 = Debug|iPhoneSimulator
		{0D9DDA86-6CBF-4917-8336-3925C7831044}.Release|Any CPU.ActiveCfg = Release|iPhoneSimulator
		{0D9DDA86-6CBF-4917-8336-3925C7831044}.Release|Any CPU.Build.0 = Release|iPhoneSimulator
		{0D9DDA86-6CBF-4917-8336-3925C7831044}.Release|Any CPU.Deploy.0 = Release|iPhoneSimulator
		{0D9DDA86-6CBF-4917-8336-3925C7831044}.Release|ARM.ActiveCfg = Release|iPhoneSimulator
		{0D9DDA86-6CBF-4917-8336-3925C7831044}.Release|ARM.Build.0 = Release|iPhoneSimulator
		{0D9DDA86-6CBF-4917-8336-3925C7831044}.Release|ARM.Deploy.0 = Release|iPhoneSimulator
		{0D9DDA86-6CBF-4917-8336-3925C7831044}.Release|iPhone.ActiveCfg = Release|iPhone
		{0D9DDA86-6CBF-4917-8336-3925C7831044}.Release|iPhone.Build.0 = Release|iPhone
		{0D9DDA86-6CBF-4917-8336-3925C7831044}.Release|iPhone.Deploy.0 = Release|iPhone
		{0D9DDA86-6CBF-4917-8336-3925C7831044}.Release|iPhoneSimulator.ActiveCfg = Release|iPhoneSimulator
		{0D9DDA86-6CBF-4917-8336-3925C7831044}.Release|iPhoneSimulator.Build.0 = Release|iPhoneSimulator
		{0D9DDA86-6CBF-4917-8336-3925C7831044}.Release|iPhoneSimulator.Deploy.0 = Release|iPhoneSimulator
		{0D9DDA86-6CBF-4917-8336-3925C7831044}.Release|x64.ActiveCfg = Release|iPhoneSimulator
		{0D9DDA86-6CBF-4917-8336-3925C7831044}.Release|x64.Build.0 = Release|iPhoneSimulator
		{0D9DDA86-6CBF-4917-8336-3925C7831044}.Release|x64.Deploy.0 = Release|iPhoneSimulator
		{0D9DDA86-6CBF-4917-8336-3925C7831044}.Release|x86.ActiveCfg = Release|iPhoneSimulator
		{0D9DDA86-6CBF-4917-8336-3925C7831044}.Release|x86.Build.0 = Release|iPhoneSimulator
		{0D9DDA86-6CBF-4917-8336-3925C7831044}.Release|x86.Deploy.0 = Release|iPhoneSimulator
		{0F74661B-3168-44D3-9686-8B101283EBD7}.Debug|Any CPU.ActiveCfg = Debug|Any CPU
		{0F74661B-3168-44D3-9686-8B101283EBD7}.Debug|Any CPU.Build.0 = Debug|Any CPU
		{0F74661B-3168-44D3-9686-8B101283EBD7}.Debug|Any CPU.Deploy.0 = Debug|Any CPU
		{0F74661B-3168-44D3-9686-8B101283EBD7}.Debug|ARM.ActiveCfg = Debug|Any CPU
		{0F74661B-3168-44D3-9686-8B101283EBD7}.Debug|ARM.Build.0 = Debug|Any CPU
		{0F74661B-3168-44D3-9686-8B101283EBD7}.Debug|ARM.Deploy.0 = Debug|Any CPU
		{0F74661B-3168-44D3-9686-8B101283EBD7}.Debug|iPhone.ActiveCfg = Debug|Any CPU
		{0F74661B-3168-44D3-9686-8B101283EBD7}.Debug|iPhone.Build.0 = Debug|Any CPU
		{0F74661B-3168-44D3-9686-8B101283EBD7}.Debug|iPhone.Deploy.0 = Debug|Any CPU
		{0F74661B-3168-44D3-9686-8B101283EBD7}.Debug|iPhoneSimulator.ActiveCfg = Debug|Any CPU
		{0F74661B-3168-44D3-9686-8B101283EBD7}.Debug|iPhoneSimulator.Build.0 = Debug|Any CPU
		{0F74661B-3168-44D3-9686-8B101283EBD7}.Debug|iPhoneSimulator.Deploy.0 = Debug|Any CPU
		{0F74661B-3168-44D3-9686-8B101283EBD7}.Debug|x64.ActiveCfg = Debug|Any CPU
		{0F74661B-3168-44D3-9686-8B101283EBD7}.Debug|x64.Build.0 = Debug|Any CPU
		{0F74661B-3168-44D3-9686-8B101283EBD7}.Debug|x64.Deploy.0 = Debug|Any CPU
		{0F74661B-3168-44D3-9686-8B101283EBD7}.Debug|x86.ActiveCfg = Debug|Any CPU
		{0F74661B-3168-44D3-9686-8B101283EBD7}.Debug|x86.Build.0 = Debug|Any CPU
		{0F74661B-3168-44D3-9686-8B101283EBD7}.Debug|x86.Deploy.0 = Debug|Any CPU
		{0F74661B-3168-44D3-9686-8B101283EBD7}.Release|Any CPU.ActiveCfg = Release|Any CPU
		{0F74661B-3168-44D3-9686-8B101283EBD7}.Release|Any CPU.Build.0 = Release|Any CPU
		{0F74661B-3168-44D3-9686-8B101283EBD7}.Release|Any CPU.Deploy.0 = Release|Any CPU
		{0F74661B-3168-44D3-9686-8B101283EBD7}.Release|ARM.ActiveCfg = Release|Any CPU
		{0F74661B-3168-44D3-9686-8B101283EBD7}.Release|ARM.Build.0 = Release|Any CPU
		{0F74661B-3168-44D3-9686-8B101283EBD7}.Release|ARM.Deploy.0 = Release|Any CPU
		{0F74661B-3168-44D3-9686-8B101283EBD7}.Release|iPhone.ActiveCfg = Release|Any CPU
		{0F74661B-3168-44D3-9686-8B101283EBD7}.Release|iPhone.Build.0 = Release|Any CPU
		{0F74661B-3168-44D3-9686-8B101283EBD7}.Release|iPhone.Deploy.0 = Release|Any CPU
		{0F74661B-3168-44D3-9686-8B101283EBD7}.Release|iPhoneSimulator.ActiveCfg = Release|Any CPU
		{0F74661B-3168-44D3-9686-8B101283EBD7}.Release|iPhoneSimulator.Build.0 = Release|Any CPU
		{0F74661B-3168-44D3-9686-8B101283EBD7}.Release|iPhoneSimulator.Deploy.0 = Release|Any CPU
		{0F74661B-3168-44D3-9686-8B101283EBD7}.Release|x64.ActiveCfg = Release|Any CPU
		{0F74661B-3168-44D3-9686-8B101283EBD7}.Release|x64.Build.0 = Release|Any CPU
		{0F74661B-3168-44D3-9686-8B101283EBD7}.Release|x64.Deploy.0 = Release|Any CPU
		{0F74661B-3168-44D3-9686-8B101283EBD7}.Release|x86.ActiveCfg = Release|Any CPU
		{0F74661B-3168-44D3-9686-8B101283EBD7}.Release|x86.Build.0 = Release|Any CPU
		{0F74661B-3168-44D3-9686-8B101283EBD7}.Release|x86.Deploy.0 = Release|Any CPU
	EndGlobalSection
	GlobalSection(SolutionProperties) = preSolution
		HideSolutionNode = FALSE
	EndGlobalSection
	GlobalSection(ExtensibilityGlobals) = postSolution
		SolutionGuid = {57A234AC-15EB-4E6C-A68A-2AD7A93A2DD9}
	EndGlobalSection
EndGlobal
